<?xml version="1.0" encoding="utf-8"?>
<Project ToolsVersion="4.0" xmlns="http://schemas.microsoft.com/developer/msbuild/2003">
  <ItemGroup>
    <ClCompile Include="..\omnis.xcomp.framework\FrameworkWndProc.cpp">
      <Filter>omnis.xcomp.framework</Filter>
    </ClCompile>
    <ClCompile Include="..\omnis.xcomp.framework\oBaseComponent.cpp">
      <Filter>omnis.xcomp.framework</Filter>
    </ClCompile>
    <ClCompile Include="..\omnis.xcomp.framework\oBaseNVComponent.cpp">
      <Filter>omnis.xcomp.framework</Filter>
    </ClCompile>
    <ClCompile Include="..\omnis.xcomp.framework\oBaseVisComponent.cpp">
      <Filter>omnis.xcomp.framework</Filter>
    </ClCompile>
    <ClCompile Include="..\omnis.xcomp.framework\oDrawingCanvas.cpp">
      <Filter>omnis.xcomp.framework</Filter>
    </ClCompile>
    <ClCompile Include="..\omnis.xcomp.framework\oRGBAImage.cpp">
      <Filter>omnis.xcomp.framework</Filter>
    </ClCompile>
    <ClCompile Include="..\omnis.xcomp.framework\oUTF8.cpp">
      <Filter>omnis.xcomp.framework</Filter>
    </ClCompile>
    <ClCompile Include="..\omnis.xcomp.framework\oXCompLib.cpp">
      <Filter>omnis.xcomp.framework</Filter>
    </ClCompile>
    <ClCompile Include="..\omnis.xcomp.framework\qString.cpp">
      <Filter>omnis.xcomp.framework</Filter>
    </ClCompile>
    <ClCompile Include="Src\example.cpp" />
    <ClCompile Include="Src\oExample.cpp" />
    <ClCompile Include="Src\oNVExample.cpp" />
  </ItemGroup>
  <ItemGroup>
    <ResourceCompile Include="English.lproj\oExample.rc" />
  </ItemGroup>
  <ItemGroup>
    <Image Include="English.lproj\oExample.bmp" />
  </ItemGroup>
  <ItemGroup>
    <None Include="example.DEF" />
  </ItemGroup>
  <ItemGroup>
    <Filter Include="omnis.xcomp.framework">
      <UniqueIdentifier>{f46b3caa-59da-41fa-aea0-0fc061e6e6e5}</UniqueIdentifier>
    </Filter>
  </ItemGroup>
  <ItemGroup>
    <ClInclude Include="..\omnis.xcomp.framework\oBaseComponent.h">
      <Filter>omnis.xcomp.framework</Filter>
    </ClInclude>
    <ClInclude Include="..\omnis.xcomp.framework\oBaseNVComponent.h">
      <Filter>omnis.xcomp.framework</Filter>
    </ClInclude>
    <ClInclude Include="..\omnis.xcomp.framework\oBaseVisComponent.h">
      <Filter>omnis.xcomp.framework</Filter>
    </ClInclude>
    <ClInclude Include="..\omnis.xcomp.framework\oDrawingCanvas.h">
      <Filter>omnis.xcomp.framework</Filter>
    </ClInclude>
    <ClInclude Include="..\omnis.xcomp.framework\omnis.xcomp.framework.h">
      <Filter>omnis.xcomp.framework</Filter>
    </ClInclude>
    <ClInclude Include="..\omnis.xcomp.framework\oRGBAImage.h">
      <Filter>omnis.xcomp.framework</Filter>
    </ClInclude>
    <ClInclude Include="..\omnis.xcomp.framework\oUTF8.h">
      <Filter>omnis.xcomp.framework</Filter>
    </ClInclude>
    <ClInclude Include="..\omnis.xcomp.framework\oXCompLib.h">
      <Filter>omnis.xcomp.framework</Filter>
    </ClInclude>
    <ClInclude Include="..\omnis.xcomp.framework\qArray.h">
      <Filter>omnis.xcomp.framework</Filter>
    </ClInclude>
    <ClInclude Include="..\omnis.xcomp.framework\qString.h">
      <Filter>omnis.xcomp.framework</Filter>
    </ClInclude>
    <ClInclude Include="..\omnis.xcomp.framework\xCompStandardIncludes.h">
      <Filter>omnis.xcomp.framework</Filter>
    </ClInclude>
    <ClInclude Include="Src\example.h" />
    <ClInclude Include="Src\oExample.h" />
    <ClInclude Include="Src\oNVExample.h" />
  </ItemGroup>
</Project>